<?xml version="1.0" encoding="utf-8"?>
<Project ToolsVersion="4.0" xmlns="http://schemas.microsoft.com/developer/msbuild/2003">
  <ItemGroup>
    <Filter Include="Source Files">
      <UniqueIdentifier>{4FC737F1-C7A5-4376-A066-2A32D752A2FF}</UniqueIdentifier>
      <Extensions>cpp;c;cc;cxx;c++;cppm;ixx;def;odl;idl;hpj;bat;asm;asmx</Extensions>
    </Filter>
    <Filter Include="Header Files">
      <UniqueIdentifier>{93995380-89BD-4b04-88EB-625FBE52EBFB}</UniqueIdentifier>
      <Extensions>h;hh;hpp;hxx;h++;hm;inl;inc;ipp;xsd</Extensions>
    </Filter>
    <Filter Include="Resource Files">
      <UniqueIdentifier>{67DA6AB6-F800-4c08-8B7A-83BB121AAD01}</UniqueIdentifier>
      <Extensions>rc;ico;cur;bmp;dlg;rc2;rct;bin;rgs;gif;jpg;jpeg;jpe;resx;tiff;tif;png;wav;mfcribbon-ms</Extensions>
    </Filter>
  </ItemGroup>
  <ItemGroup>
    <ClInclude Include="Intel\Assembler\AssemblerMemoryOperand.h">
      <Filter>Header Files</Filter>
    </ClInclude>
    <ClInclude Include="Intel\Assembler\AssemblerOperandFlags.h">
      <Filter>Header Files</Filter>
    </ClInclude>
    <ClInclude Include="Intel\Assembler\AssemblerResult.h">
      <Filter>Header Files</Filter>
    </ClInclude>
    <ClInclude Include="Intel\Assembler\Iced.Intel.Assembler.h">
      <Filter>Header Files</Filter>
    </ClInclude>
    <ClInclude Include="Intel\Assembler\Iced.Intel.AssemblerMemoryOperandFactory.h">
      <Filter>Header Files</Filter>
    </ClInclude>
    <ClInclude Include="Intel\Assembler\Iced.Intel.AssemblerRegister8.h">
      <Filter>Header Files</Filter>
    </ClInclude>
    <ClInclude Include="Intel\Assembler\AssemblerRegister16.defs.h">
      <Filter>Header Files</Filter>
    </ClInclude>
    <ClInclude Include="Intel\Assembler\AssemblerRegister32.defs.h">
      <Filter>Header Files</Filter>
    </ClInclude>
    <ClInclude Include="Intel\Assembler\AssemblerRegister64.defs.h">
      <Filter>Header Files</Filter>
    </ClInclude>
    <ClInclude Include="Intel\Assembler\Iced.Intel.AssemblerRegisterBND.h">
      <Filter>Header Files</Filter>
    </ClInclude>
    <ClInclude Include="Intel\Assembler\Iced.Intel.AssemblerRegisterCR.h">
      <Filter>Header Files</Filter>
    </ClInclude>
    <ClInclude Include="Intel\Assembler\Iced.Intel.AssemblerRegisterDR.h">
      <Filter>Header Files</Filter>
    </ClInclude>
    <ClInclude Include="Intel\Assembler\Iced.Intel.AssemblerRegisterK.h">
      <Filter>Header Files</Filter>
    </ClInclude>
    <ClInclude Include="Intel\Assembler\Iced.Intel.AssemblerRegisterMM.h">
      <Filter>Header Files</Filter>
    </ClInclude>
    <ClInclude Include="Intel\Assembler\Iced.Intel.AssemblerRegisters.h">
      <Filter>Header Files</Filter>
    </ClInclude>
    <ClInclude Include="Intel\Assembler\Iced.Intel.AssemblerRegisterSegment.h">
      <Filter>Header Files</Filter>
    </ClInclude>
    <ClInclude Include="Intel\Assembler\Iced.Intel.AssemblerRegisterST.h">
      <Filter>Header Files</Filter>
    </ClInclude>
    <ClInclude Include="Intel\Assembler\Iced.Intel.AssemblerRegisterTMM.h">
      <Filter>Header Files</Filter>
    </ClInclude>
    <ClInclude Include="Intel\Assembler\Iced.Intel.AssemblerRegisterTR.h">
      <Filter>Header Files</Filter>
    </ClInclude>
    <ClInclude Include="Intel\Assembler\AssemblerRegisterXMM.h">
      <Filter>Header Files</Filter>
    </ClInclude>
    <ClInclude Include="Intel\Assembler\AssemblerRegisterYMM.h">
      <Filter>Header Files</Filter>
    </ClInclude>
    <ClInclude Include="Intel\Assembler\AssemblerRegisterZMM.h">
      <Filter>Header Files</Filter>
    </ClInclude>
    <ClInclude Include="Intel\Assembler\Label.h">
      <Filter>Header Files</Filter>
    </ClInclude>
    <ClInclude Include="Intel\Assembler\MemoryOperandSize.g.h">
      <Filter>Header Files</Filter>
    </ClInclude>
    <ClInclude Include="Intel\BlockEncoderInternal\Block.h">
      <Filter>Header Files</Filter>
    </ClInclude>
    <ClInclude Include="Intel\BlockEncoderInternal\CallInstr.h">
      <Filter>Header Files</Filter>
    </ClInclude>
    <ClInclude Include="Intel\BlockEncoderInternal\CodeWriterImpl.h">
      <Filter>Header Files</Filter>
    </ClInclude>
    <ClInclude Include="Intel\BlockEncoderInternal\Instr.h">
      <Filter>Header Files</Filter>
    </ClInclude>
    <ClInclude Include="Intel\BlockEncoderInternal\IpRelMemOpInstr.h">
      <Filter>Header Files</Filter>
    </ClInclude>
    <ClInclude Include="Intel\BlockEncoderInternal\JccInstr.h">
      <Filter>Header Files</Filter>
    </ClInclude>
    <ClInclude Include="Intel\BlockEncoderInternal\JmpInstr.h">
      <Filter>Header Files</Filter>
    </ClInclude>
    <ClInclude Include="Intel\BlockEncoderInternal\SimpleBranchInstr.h">
      <Filter>Header Files</Filter>
    </ClInclude>
    <ClInclude Include="Intel\BlockEncoderInternal\SimpleInstr.h">
      <Filter>Header Files</Filter>
    </ClInclude>
    <ClInclude Include="Intel\BlockEncoderInternal\TargetInstr.h">
      <Filter>Header Files</Filter>
    </ClInclude>
    <ClInclude Include="Intel\BlockEncoderInternal\XbeginInstr.h">
      <Filter>Header Files</Filter>
    </ClInclude>
    <ClInclude Include="Intel\DecoderInternal\EvexOpCodeHandlerKind.g.h">
      <Filter>Header Files</Filter>
    </ClInclude>
    <ClInclude Include="Intel\DecoderInternal\EvexOpCodeHandlerReader.h">
      <Filter>Header Files</Filter>
    </ClInclude>
    <ClInclude Include="Intel\DecoderInternal\HandlerFlags.g.h">
      <Filter>Header Files</Filter>
    </ClInclude>
    <ClInclude Include="Intel\DecoderInternal\Iced.Intel.DecoderInternal.OpCodeHandlersTables_EVEX.h">
      <Filter>Header Files</Filter>
    </ClInclude>
    <ClInclude Include="Intel\DecoderInternal\Iced.Intel.DecoderInternal.OpCodeHandlersTables_Legacy.h">
      <Filter>Header Files</Filter>
    </ClInclude>
    <ClInclude Include="Intel\DecoderInternal\Iced.Intel.DecoderInternal.OpCodeHandlersTables_MVEX.h">
      <Filter>Header Files</Filter>
    </ClInclude>
    <ClInclude Include="Intel\DecoderInternal\Iced.Intel.DecoderInternal.OpCodeHandlersTables_VEX.h">
      <Filter>Header Files</Filter>
    </ClInclude>
    <ClInclude Include="Intel\DecoderInternal\Iced.Intel.DecoderInternal.OpCodeHandlersTables_XOP.h">
      <Filter>Header Files</Filter>
    </ClInclude>
    <ClInclude Include="Intel\DecoderInternal\LegacyHandlerFlags.g.h">
      <Filter>Header Files</Filter>
    </ClInclude>
    <ClInclude Include="Intel\DecoderInternal\LegacyOpCodeHandlerKind.g.h">
      <Filter>Header Files</Filter>
    </ClInclude>
    <ClInclude Include="Intel\DecoderInternal\LegacyOpCodeHandlerReader.h">
      <Filter>Header Files</Filter>
    </ClInclude>
    <ClInclude Include="Intel\DecoderInternal\MvexOpCodeHandlerKind.g.h">
      <Filter>Header Files</Filter>
    </ClInclude>
    <ClInclude Include="Intel\DecoderInternal\MvexOpCodeHandlerReader.h">
      <Filter>Header Files</Filter>
    </ClInclude>
    <ClInclude Include="Intel\DecoderInternal\OpCodeHandlers.h">
      <Filter>Header Files</Filter>
    </ClInclude>
    <ClInclude Include="Intel\DecoderInternal\OpCodeHandlers_D3NOW.h">
      <Filter>Header Files</Filter>
    </ClInclude>
    <ClInclude Include="Intel\DecoderInternal\OpCodeHandlers_EVEX.h">
      <Filter>Header Files</Filter>
    </ClInclude>
    <ClInclude Include="Intel\DecoderInternal\OpCodeHandlers_Fpu.h">
      <Filter>Header Files</Filter>
    </ClInclude>
    <ClInclude Include="Intel\DecoderInternal\OpCodeHandlers_Legacy.h">
      <Filter>Header Files</Filter>
    </ClInclude>
    <ClInclude Include="Intel\DecoderInternal\OpCodeHandlers_MVEX.h">
      <Filter>Header Files</Filter>
    </ClInclude>
    <ClInclude Include="Intel\DecoderInternal\OpCodeHandlers_VEX.h">
      <Filter>Header Files</Filter>
    </ClInclude>
    <ClInclude Include="Intel\DecoderInternal\SerializedDataKind.g.h">
      <Filter>Header Files</Filter>
    </ClInclude>
    <ClInclude Include="Intel\DecoderInternal\TableDeserializer.h">
      <Filter>Header Files</Filter>
    </ClInclude>
    <ClInclude Include="Intel\DecoderInternal\VexOpCodeHandlerKind.g.h">
      <Filter>Header Files</Filter>
    </ClInclude>
    <ClInclude Include="Intel\DecoderInternal\VexOpCodeHandlerReader.h">
      <Filter>Header Files</Filter>
    </ClInclude>
    <ClInclude Include="Intel\EncoderInternal\EncoderData.g.h">
      <Filter>Header Files</Filter>
    </ClInclude>
    <ClInclude Include="Intel\EncoderInternal\EncoderOpCodeHandler.h">
      <Filter>Header Files</Filter>
    </ClInclude>
    <ClInclude Include="Intel\EncoderInternal\Enums.h">
      <Filter>Header Files</Filter>
    </ClInclude>
    <ClInclude Include="Intel\EncoderInternal\InstructionFormatter.defs.h">
      <Filter>Header Files</Filter>
    </ClInclude>
    <ClInclude Include="Intel\EncoderInternal\OpCodeFormatter.defs.h">
      <Filter>Header Files</Filter>
    </ClInclude>
    <ClInclude Include="Intel\EncoderInternal\OpCodeHandlers.h">
      <Filter>Header Files</Filter>
    </ClInclude>
    <ClInclude Include="Intel\EncoderInternal\OpCodeInfoData.g.h">
      <Filter>Header Files</Filter>
    </ClInclude>
    <ClInclude Include="Intel\EncoderInternal\OpCodeInfos.h">
      <Filter>Header Files</Filter>
    </ClInclude>
    <ClInclude Include="Intel\EncoderInternal\OpCodeInfosEnums.h">
      <Filter>Header Files</Filter>
    </ClInclude>
    <ClInclude Include="Intel\EncoderInternal\OpCodeOperandKinds.g.h">
      <Filter>Header Files</Filter>
    </ClInclude>
    <ClInclude Include="Intel\EncoderInternal\OpHandlers.h">
      <Filter>Header Files</Filter>
    </ClInclude>
    <ClInclude Include="Intel\EncoderInternal\OpTables.g.h">
      <Filter>Header Files</Filter>
    </ClInclude>
    <ClInclude Include="Intel\FastFormatterInternal\FastFmtFlags.g.h">
      <Filter>Header Files</Filter>
    </ClInclude>
    <ClInclude Include="Intel\FastFormatterInternal\Iced.Intel.FastFormatterInternal.FmtData.h">
      <Filter>Header Files</Filter>
    </ClInclude>
    <ClInclude Include="Intel\FastFormatterInternal\MemorySizes.h">
      <Filter>Header Files</Filter>
    </ClInclude>
    <ClInclude Include="Intel\FastFormatterInternal\Registers.h">
      <Filter>Header Files</Filter>
    </ClInclude>
    <ClInclude Include="Intel\FormatterInternal\FormatterString.h">
      <Filter>Header Files</Filter>
    </ClInclude>
    <ClInclude Include="Intel\FormatterInternal\FormatterUtils.h">
      <Filter>Header Files</Filter>
    </ClInclude>
    <ClInclude Include="Intel\FormatterInternal\FormatterStringsTable.h">
      <Filter>Header Files</Filter>
    </ClInclude>
    <ClInclude Include="Intel\FormatterInternal\Iced.Intel.FormatterInternal.FormatterUtils.h">
      <Filter>Header Files</Filter>
    </ClInclude>
    <ClInclude Include="Intel\FormatterInternal\MnemonicCC.h">
      <Filter>Header Files</Filter>
    </ClInclude>
    <ClInclude Include="Intel\FormatterInternal\PseudoOpsKind.g.h">
      <Filter>Header Files</Filter>
    </ClInclude>
    <ClInclude Include="Intel\FormatterInternal\RegistersTable.h">
      <Filter>Header Files</Filter>
    </ClInclude>
    <ClInclude Include="Intel\GasFormatterInternal\CtorKind.g.h">
      <Filter>Header Files</Filter>
    </ClInclude>
    <ClInclude Include="Intel\GasFormatterInternal\Iced.Intel.GasFormatterInternal.InstrInfos.h">
      <Filter>Header Files</Filter>
    </ClInclude>
    <ClInclude Include="Intel\GasFormatterInternal\InstrInfo.h">
      <Filter>Header Files</Filter>
    </ClInclude>
    <ClInclude Include="Intel\GasFormatterInternal\InstrOpInfoFlags.g.h">
      <Filter>Header Files</Filter>
    </ClInclude>
    <ClInclude Include="Intel\GasFormatterInternal\MemorySizes.h">
      <Filter>Header Files</Filter>
    </ClInclude>
    <ClInclude Include="Intel\GasFormatterInternal\Registers.h">
      <Filter>Header Files</Filter>
    </ClInclude>
    <ClInclude Include="Intel\GasFormatterInternal\SizeOverride.g.h">
      <Filter>Header Files</Filter>
    </ClInclude>
    <ClInclude Include="Intel\InstructionInfoInternal\CpuidFeatureInternal.g.h">
      <Filter>Header Files</Filter>
    </ClInclude>
    <ClInclude Include="Intel\InstructionInfoInternal\Iced.Intel.InstructionInfoInternal.CpuidFeatureInternalData.h">
      <Filter>Header Files</Filter>
    </ClInclude>
    <ClInclude Include="Intel\InstructionInfoInternal\InfoHandlerFlags.h">
      <Filter>Header Files</Filter>
    </ClInclude>
    <ClInclude Include="Intel\InstructionInfoInternal\InstrInfoTable.g.h">
      <Filter>Header Files</Filter>
    </ClInclude>
    <ClInclude Include="Intel\InstructionInfoInternal\RflagsInfoConstants.g.h">
      <Filter>Header Files</Filter>
    </ClInclude>
    <ClInclude Include="Intel\InstructionInfoInternal\SimpleList.h">
      <Filter>Header Files</Filter>
    </ClInclude>
    <ClInclude Include="Intel\IntelFormatterInternal\BranchSizeInfo.g.h">
      <Filter>Header Files</Filter>
    </ClInclude>
    <ClInclude Include="Intel\IntelFormatterInternal\CtorKind.g.h">
      <Filter>Header Files</Filter>
    </ClInclude>
    <ClInclude Include="Intel\IntelFormatterInternal\Iced.Intel.IntelFormatterInternal.InstrInfos.h">
      <Filter>Header Files</Filter>
    </ClInclude>
    <ClInclude Include="Intel\IntelFormatterInternal\InstrInfo.h">
      <Filter>Header Files</Filter>
    </ClInclude>
    <ClInclude Include="Intel\IntelFormatterInternal\InstrOpInfoFlags.g.h">
      <Filter>Header Files</Filter>
    </ClInclude>
    <ClInclude Include="Intel\IntelFormatterInternal\MemorySizes.h">
      <Filter>Header Files</Filter>
    </ClInclude>
    <ClInclude Include="Intel\IntelFormatterInternal\Registers.h">
      <Filter>Header Files</Filter>
    </ClInclude>
    <ClInclude Include="Intel\IntelFormatterInternal\SizeOverride.g.h">
      <Filter>Header Files</Filter>
    </ClInclude>
    <ClInclude Include="Intel\Internal\DataReader.h">
      <Filter>Header Files</Filter>
    </ClInclude>
    <ClInclude Include="Intel\MasmFormatterInternal\CtorKind.g.h">
      <Filter>Header Files</Filter>
    </ClInclude>
    <ClInclude Include="Intel\MasmFormatterInternal\Iced.Intel.MasmFormatterInternal.InstrInfos.h">
      <Filter>Header Files</Filter>
    </ClInclude>
    <ClInclude Include="Intel\MasmFormatterInternal\InstrInfo.h">
      <Filter>Header Files</Filter>
    </ClInclude>
    <ClInclude Include="Intel\MasmFormatterInternal\InstrOpInfoFlags.g.h">
      <Filter>Header Files</Filter>
    </ClInclude>
    <ClInclude Include="Intel\MasmFormatterInternal\MemorySizes.h">
      <Filter>Header Files</Filter>
    </ClInclude>
    <ClInclude Include="Intel\MasmFormatterInternal\Registers.h">
      <Filter>Header Files</Filter>
    </ClInclude>
    <ClInclude Include="Intel\NasmFormatterInternal\BranchSizeInfo.g.h">
      <Filter>Header Files</Filter>
    </ClInclude>
    <ClInclude Include="Intel\NasmFormatterInternal\CtorKind.g.h">
      <Filter>Header Files</Filter>
    </ClInclude>
    <ClInclude Include="Intel\NasmFormatterInternal\Iced.Intel.NasmFormatterInternal.InstrInfos.h">
      <Filter>Header Files</Filter>
    </ClInclude>
    <ClInclude Include="Intel\NasmFormatterInternal\InstrInfo.h">
      <Filter>Header Files</Filter>
    </ClInclude>
    <ClInclude Include="Intel\NasmFormatterInternal\InstrOpInfoFlags.g.h">
      <Filter>Header Files</Filter>
    </ClInclude>
    <ClInclude Include="Intel\NasmFormatterInternal\MemorySizes.h">
      <Filter>Header Files</Filter>
    </ClInclude>
    <ClInclude Include="Intel\NasmFormatterInternal\Registers.h">
      <Filter>Header Files</Filter>
    </ClInclude>
    <ClInclude Include="Intel\NasmFormatterInternal\SignExtendInfo.g.h">
      <Filter>Header Files</Filter>
    </ClInclude>
    <ClInclude Include="Intel\NasmFormatterInternal\SizeOverride.g.h">
      <Filter>Header Files</Filter>
    </ClInclude>
    <ClInclude Include="Intel\BlockEncoder.h">
      <Filter>Header Files</Filter>
    </ClInclude>
    <ClInclude Include="Intel\ByteArrayCodeReader.h">
      <Filter>Header Files</Filter>
    </ClInclude>
    <ClInclude Include="Intel\Code.g.h">
      <Filter>Header Files</Filter>
    </ClInclude>
    <ClInclude Include="Intel\CodeExtensions.h">
      <Filter>Header Files</Filter>
    </ClInclude>
    <ClInclude Include="Intel\CodeReader.h">
      <Filter>Header Files</Filter>
    </ClInclude>
    <ClInclude Include="Intel\CodeSize.g.h">
      <Filter>Header Files</Filter>
    </ClInclude>
    <ClInclude Include="Intel\CodeWriter.h">
      <Filter>Header Files</Filter>
    </ClInclude>
    <ClInclude Include="Intel\ConditionCode.g.h">
      <Filter>Header Files</Filter>
    </ClInclude>
    <ClInclude Include="Intel\ConstantOffsets.h">
      <Filter>Header Files</Filter>
    </ClInclude>
    <ClInclude Include="Intel\CpuidFeature.g.h">
      <Filter>Header Files</Filter>
    </ClInclude>
    <ClInclude Include="Intel\Decoder.h">
      <Filter>Header Files</Filter>
    </ClInclude>
    <ClInclude Include="Intel\DecoderError.g.h">
      <Filter>Header Files</Filter>
    </ClInclude>
    <ClInclude Include="Intel\DecoderOptions.g.h">
      <Filter>Header Files</Filter>
    </ClInclude>
    <ClInclude Include="Intel\Encoder.h">
      <Filter>Header Files</Filter>
    </ClInclude>
    <ClInclude Include="Intel\EncoderCodeExtensions.h">
      <Filter>Header Files</Filter>
    </ClInclude>
    <ClInclude Include="Intel\EncoderException.h">
      <Filter>Header Files</Filter>
    </ClInclude>
    <ClInclude Include="Intel\EncodingKind.g.h">
      <Filter>Header Files</Filter>
    </ClInclude>
    <ClInclude Include="Intel\FastFormatter.h">
      <Filter>Header Files</Filter>
    </ClInclude>
    <ClInclude Include="Intel\FastFormatterOptions.h">
      <Filter>Header Files</Filter>
    </ClInclude>
    <ClInclude Include="Intel\FastStringOutput.h">
      <Filter>Header Files</Filter>
    </ClInclude>
    <ClInclude Include="Intel\FlowControl.g.h">
      <Filter>Header Files</Filter>
    </ClInclude>
    <ClInclude Include="Intel\Formatter.h">
      <Filter>Header Files</Filter>
    </ClInclude>
    <ClInclude Include="Intel\FormatterConstants.h">
      <Filter>Header Files</Filter>
    </ClInclude>
    <ClInclude Include="Intel\FormatterOptions.h">
      <Filter>Header Files</Filter>
    </ClInclude>
    <ClInclude Include="Intel\FormatterOutput.h">
      <Filter>Header Files</Filter>
    </ClInclude>
    <ClInclude Include="Intel\FormatterTextKind.g.h">
      <Filter>Header Files</Filter>
    </ClInclude>
    <ClInclude Include="Intel\GasFormatter.h">
      <Filter>Header Files</Filter>
    </ClInclude>
    <ClInclude Include="Intel\HexUtils.h">
      <Filter>Header Files</Filter>
    </ClInclude>
    <ClInclude Include="Intel\Iced.Intel.IcedConstants.h">
      <Filter>Header Files</Filter>
    </ClInclude>
    <ClInclude Include="Intel\Iced.Intel.Instruction.h">
      <Filter>Header Files</Filter>
    </ClInclude>
    <ClInclude Include="Intel\Iced.Intel.InstructionInfoExtensions.h">
      <Filter>Header Files</Filter>
    </ClInclude>
    <ClInclude Include="Intel\Iced.Intel.MemorySizeExtensions.h">
      <Filter>Header Files</Filter>
    </ClInclude>
    <ClInclude Include="Intel\RegisterExtensions.defs.h">
      <Filter>Header Files</Filter>
    </ClInclude>
    <ClInclude Include="Intel\IcedFeatures.h">
      <Filter>Header Files</Filter>
    </ClInclude>
    <ClInclude Include="Intel\IFormatterOptionsProvider.h">
      <Filter>Header Files</Filter>
    </ClInclude>
    <ClInclude Include="Intel\Instruction.Create.h">
      <Filter>Header Files</Filter>
    </ClInclude>
    <ClInclude Include="Intel\Instruction.Info.h">
      <Filter>Header Files</Filter>
    </ClInclude>
    <ClInclude Include="Intel\Instruction.VA.h">
      <Filter>Header Files</Filter>
    </ClInclude>
    <ClInclude Include="Intel\InstructionInfo.h">
      <Filter>Header Files</Filter>
    </ClInclude>
    <ClInclude Include="Intel\InstructionInfoFactory.h">
      <Filter>Header Files</Filter>
    </ClInclude>
    <ClInclude Include="Intel\InstructionList.h">
      <Filter>Header Files</Filter>
    </ClInclude>
    <ClInclude Include="Intel\InstructionListDebugView.h">
      <Filter>Header Files</Filter>
    </ClInclude>
    <ClInclude Include="Intel\InstructionMemorySizes.g.h">
      <Filter>Header Files</Filter>
    </ClInclude>
    <ClInclude Include="Intel\InstructionOpCounts.g.h">
      <Filter>Header Files</Filter>
    </ClInclude>
    <ClInclude Include="Intel\InstructionUtils.h">
      <Filter>Header Files</Filter>
    </ClInclude>
    <ClInclude Include="Intel\IntelFormatter.h">
      <Filter>Header Files</Filter>
    </ClInclude>
    <ClInclude Include="Intel\ISymbolResolver.h">
      <Filter>Header Files</Filter>
    </ClInclude>
    <ClInclude Include="Intel\MandatoryPrefix.g.h">
      <Filter>Header Files</Filter>
    </ClInclude>
    <ClInclude Include="Intel\MandatoryPrefixByte.g.h">
      <Filter>Header Files</Filter>
    </ClInclude>
    <ClInclude Include="Intel\MasmFormatter.h">
      <Filter>Header Files</Filter>
    </ClInclude>
    <ClInclude Include="Intel\MemoryOperand.h">
      <Filter>Header Files</Filter>
    </ClInclude>
    <ClInclude Include="Intel\MemorySize.g.h">
      <Filter>Header Files</Filter>
    </ClInclude>
    <ClInclude Include="Intel\MemorySizeExtensions.h">
      <Filter>Header Files</Filter>
    </ClInclude>
    <ClInclude Include="Intel\MemorySizeOptions.g.h">
      <Filter>Header Files</Filter>
    </ClInclude>
    <ClInclude Include="Intel\Mnemonic.g.h">
      <Filter>Header Files</Filter>
    </ClInclude>
    <ClInclude Include="Intel\MnemonicUtils.h">
      <Filter>Header Files</Filter>
    </ClInclude>
    <ClInclude Include="Intel\MnemonicUtilsData.g.h">
      <Filter>Header Files</Filter>
    </ClInclude>
    <ClInclude Include="Intel\MvexConvFn.g.h">
      <Filter>Header Files</Filter>
    </ClInclude>
    <ClInclude Include="Intel\MvexEHBit.g.h">
      <Filter>Header Files</Filter>
    </ClInclude>
    <ClInclude Include="Intel\MvexInfo.h">
      <Filter>Header Files</Filter>
    </ClInclude>
    <ClInclude Include="Intel\MvexInfoData.g.h">
      <Filter>Header Files</Filter>
    </ClInclude>
    <ClInclude Include="Intel\MvexInfoFlags1.g.h">
      <Filter>Header Files</Filter>
    </ClInclude>
    <ClInclude Include="Intel\MvexInfoFlags2.g.h">
      <Filter>Header Files</Filter>
    </ClInclude>
    <ClInclude Include="Intel\MvexMemorySizeLut.g.h">
      <Filter>Header Files</Filter>
    </ClInclude>
    <ClInclude Include="Intel\MvexRegMemConv.g.h">
      <Filter>Header Files</Filter>
    </ClInclude>
    <ClInclude Include="Intel\MvexTupleTypeLut.g.h">
      <Filter>Header Files</Filter>
    </ClInclude>
    <ClInclude Include="Intel\MvexTupleTypeLutKind.g.h">
      <Filter>Header Files</Filter>
    </ClInclude>
    <ClInclude Include="Intel\NasmFormatter.h">
      <Filter>Header Files</Filter>
    </ClInclude>
    <ClInclude Include="Intel\NumberFormatter.h">
      <Filter>Header Files</Filter>
    </ClInclude>
    <ClInclude Include="Intel\OpAccess.g.h">
      <Filter>Header Files</Filter>
    </ClInclude>
    <ClInclude Include="Intel\OpCodeInfo.h">
      <Filter>Header Files</Filter>
    </ClInclude>
    <ClInclude Include="Intel\OpCodeOperandKind.g.h">
      <Filter>Header Files</Filter>
    </ClInclude>
    <ClInclude Include="Intel\OpCodeTableKind.g.h">
      <Filter>Header Files</Filter>
    </ClInclude>
    <ClInclude Include="Intel\OpKind.g.h">
      <Filter>Header Files</Filter>
    </ClInclude>
    <ClInclude Include="Intel\Register.g.h">
      <Filter>Header Files</Filter>
    </ClInclude>
    <ClInclude Include="Intel\RegisterInfo.h">
      <Filter>Header Files</Filter>
    </ClInclude>
    <ClInclude Include="Intel\RflagsBits.g.h">
      <Filter>Header Files</Filter>
    </ClInclude>
    <ClInclude Include="Intel\RoundingControl.g.h">
      <Filter>Header Files</Filter>
    </ClInclude>
    <ClInclude Include="Intel\Static.h">
      <Filter>Header Files</Filter>
    </ClInclude>
    <ClInclude Include="Intel\StreamCodeReader.h">
      <Filter>Header Files</Filter>
    </ClInclude>
    <ClInclude Include="Intel\StreamCodeWriter.h">
      <Filter>Header Files</Filter>
    </ClInclude>
    <ClInclude Include="Intel\StringOutput.h">
      <Filter>Header Files</Filter>
    </ClInclude>
    <ClInclude Include="Intel\ThrowHelper.h">
      <Filter>Header Files</Filter>
    </ClInclude>
    <ClInclude Include="Intel\TupleType.g.h">
      <Filter>Header Files</Filter>
    </ClInclude>
    <ClInclude Include="Intel\TupleTypeTable.h">
      <Filter>Header Files</Filter>
    </ClInclude>
    <ClInclude Include="Intel\UsedMemory.h">
      <Filter>Header Files</Filter>
    </ClInclude>
    <ClInclude Include="Intel\UsedRegister.h">
      <Filter>Header Files</Filter>
    </ClInclude>
    <ClInclude Include="Intel\VectorLength.g.h">
      <Filter>Header Files</Filter>
    </ClInclude>
    <ClInclude Include="Array2.h">
      <Filter>Header Files</Filter>
    </ClInclude>
    <ClInclude Include="csharp\exceptionhelper.h">
      <Filter>Header Files</Filter>
    </ClInclude>
    <ClInclude Include="InternalsVisibleTo.h">
      <Filter>Header Files</Filter>
    </ClInclude>
    <ClInclude Include="NRT.h">
      <Filter>Header Files</Filter>
    </ClInclude>
    <ClInclude Include="NRT_Helpers.h">
      <Filter>Header Files</Filter>
    </ClInclude>
    <ClInclude Include="csharp\vectorhelper.h">
      <Filter>Header Files</Filter>
    </ClInclude>
    <ClInclude Include="csharp\stringbuilder.h">
      <Filter>Header Files</Filter>
    </ClInclude>
    <ClInclude Include="csharp\enum.h">
      <Filter>Header Files</Filter>
    </ClInclude>
    <ClInclude Include="csharp\primitives.h">
      <Filter>Header Files</Filter>
    </ClInclude>
    <ClInclude Include="csharp\interfaces.h">
      <Filter>Header Files</Filter>
    </ClInclude>
    <ClInclude Include="csharp\classes.h">
      <Filter>Header Files</Filter>
    </ClInclude>
    <ClInclude Include="Intel\EncoderInternal\InstructionFormatter.h">
      <Filter>Header Files</Filter>
    </ClInclude>
    <ClInclude Include="Intel\EncoderInternal\OpCodeFormatter.h">
      <Filter>Header Files</Filter>
    </ClInclude>
    <ClInclude Include="Intel\Internal\StringHelpers.h">
      <Filter>Header Files</Filter>
    </ClInclude>
    <ClInclude Include="Intel\EncoderInternal\OpCodeInfoStrings.h">
      <Filter>Header Files</Filter>
    </ClInclude>
  </ItemGroup>
  <ItemGroup>
    <ClCompile Include="Intel\Assembler\AssemblerMemoryOperand.cpp">
      <Filter>Source Files</Filter>
    </ClCompile>
    <ClCompile Include="Intel\Assembler\AssemblerOperandFlags.cpp">
      <Filter>Source Files</Filter>
    </ClCompile>
    <ClCompile Include="Intel\Assembler\AssemblerResult.cpp">
      <Filter>Source Files</Filter>
    </ClCompile>
    <ClCompile Include="Intel\Assembler\Iced.Intel.Assembler.cpp">
      <Filter>Source Files</Filter>
    </ClCompile>
    <ClCompile Include="Intel\Assembler\Iced.Intel.AssemblerMemoryOperandFactory.cpp">
      <Filter>Source Files</Filter>
    </ClCompile>
    <ClCompile Include="Intel\Assembler\Iced.Intel.AssemblerRegister8.cpp">
      <Filter>Source Files</Filter>
    </ClCompile>
    <ClCompile Include="Intel\Assembler\AssemblerRegister16.h">
      <Filter>Source Files</Filter>
    </ClCompile>
    <ClCompile Include="Intel\Assembler\AssemblerRegister32.h">
      <Filter>Source Files</Filter>
    </ClCompile>
    <ClCompile Include="Intel\Assembler\AssemblerRegister64.h">
      <Filter>Source Files</Filter>
    </ClCompile>
    <ClCompile Include="Intel\Assembler\Iced.Intel.AssemblerRegisterBND.cpp">
      <Filter>Source Files</Filter>
    </ClCompile>
    <ClCompile Include="Intel\Assembler\Iced.Intel.AssemblerRegisterCR.cpp">
      <Filter>Source Files</Filter>
    </ClCompile>
    <ClCompile Include="Intel\Assembler\Iced.Intel.AssemblerRegisterDR.cpp">
      <Filter>Source Files</Filter>
    </ClCompile>
    <ClCompile Include="Intel\Assembler\Iced.Intel.AssemblerRegisterK.cpp">
      <Filter>Source Files</Filter>
    </ClCompile>
    <ClCompile Include="Intel\Assembler\Iced.Intel.AssemblerRegisterMM.cpp">
      <Filter>Source Files</Filter>
    </ClCompile>
    <ClCompile Include="Intel\Assembler\Iced.Intel.AssemblerRegisters.cpp">
      <Filter>Source Files</Filter>
    </ClCompile>
    <ClCompile Include="Intel\Assembler\Iced.Intel.AssemblerRegisterSegment.cpp">
      <Filter>Source Files</Filter>
    </ClCompile>
    <ClCompile Include="Intel\Assembler\Iced.Intel.AssemblerRegisterST.cpp">
      <Filter>Source Files</Filter>
    </ClCompile>
    <ClCompile Include="Intel\Assembler\Iced.Intel.AssemblerRegisterTMM.cpp">
      <Filter>Source Files</Filter>
    </ClCompile>
    <ClCompile Include="Intel\Assembler\Iced.Intel.AssemblerRegisterTR.cpp">
      <Filter>Source Files</Filter>
    </ClCompile>
    <ClCompile Include="Intel\Assembler\Iced.Intel.AssemblerRegisterZMM.cpp">
      <Filter>Source Files</Filter>
    </ClCompile>
    <ClCompile Include="Intel\Assembler\Label.cpp">
      <Filter>Source Files</Filter>
    </ClCompile>
    <ClCompile Include="Intel\Assembler\MemoryOperandSize.g.cpp">
      <Filter>Source Files</Filter>
    </ClCompile>
    <ClCompile Include="Intel\BlockEncoderInternal\Block.cpp">
      <Filter>Source Files</Filter>
    </ClCompile>
    <ClCompile Include="Intel\BlockEncoderInternal\CallInstr.cpp">
      <Filter>Source Files</Filter>
    </ClCompile>
    <ClCompile Include="Intel\BlockEncoderInternal\CodeWriterImpl.cpp">
      <Filter>Source Files</Filter>
    </ClCompile>
    <ClCompile Include="Intel\BlockEncoderInternal\Instr.cpp">
      <Filter>Source Files</Filter>
    </ClCompile>
    <ClCompile Include="Intel\BlockEncoderInternal\IpRelMemOpInstr.cpp">
      <Filter>Source Files</Filter>
    </ClCompile>
    <ClCompile Include="Intel\BlockEncoderInternal\JccInstr.cpp">
      <Filter>Source Files</Filter>
    </ClCompile>
    <ClCompile Include="Intel\BlockEncoderInternal\JmpInstr.cpp">
      <Filter>Source Files</Filter>
    </ClCompile>
    <ClCompile Include="Intel\BlockEncoderInternal\SimpleBranchInstr.cpp">
      <Filter>Source Files</Filter>
    </ClCompile>
    <ClCompile Include="Intel\BlockEncoderInternal\SimpleInstr.cpp">
      <Filter>Source Files</Filter>
    </ClCompile>
    <ClCompile Include="Intel\BlockEncoderInternal\TargetInstr.cpp">
      <Filter>Source Files</Filter>
    </ClCompile>
    <ClCompile Include="Intel\BlockEncoderInternal\XbeginInstr.cpp">
      <Filter>Source Files</Filter>
    </ClCompile>
    <ClCompile Include="Intel\DecoderInternal\EvexOpCodeHandlerKind.g.cpp">
      <Filter>Source Files</Filter>
    </ClCompile>
    <ClCompile Include="Intel\DecoderInternal\EvexOpCodeHandlerReader.cpp">
      <Filter>Source Files</Filter>
    </ClCompile>
    <ClCompile Include="Intel\DecoderInternal\HandlerFlags.g.cpp">
      <Filter>Source Files</Filter>
    </ClCompile>
    <ClCompile Include="Intel\DecoderInternal\Iced.Intel.DecoderInternal.OpCodeHandlersTables_EVEX.cpp">
      <Filter>Source Files</Filter>
    </ClCompile>
    <ClCompile Include="Intel\DecoderInternal\Iced.Intel.DecoderInternal.OpCodeHandlersTables_Legacy.cpp">
      <Filter>Source Files</Filter>
    </ClCompile>
    <ClCompile Include="Intel\DecoderInternal\Iced.Intel.DecoderInternal.OpCodeHandlersTables_MVEX.cpp">
      <Filter>Source Files</Filter>
    </ClCompile>
    <ClCompile Include="Intel\DecoderInternal\Iced.Intel.DecoderInternal.OpCodeHandlersTables_VEX.cpp">
      <Filter>Source Files</Filter>
    </ClCompile>
    <ClCompile Include="Intel\DecoderInternal\Iced.Intel.DecoderInternal.OpCodeHandlersTables_XOP.cpp">
      <Filter>Source Files</Filter>
    </ClCompile>
    <ClCompile Include="Intel\DecoderInternal\LegacyHandlerFlags.g.cpp">
      <Filter>Source Files</Filter>
    </ClCompile>
    <ClCompile Include="Intel\DecoderInternal\LegacyOpCodeHandlerKind.g.cpp">
      <Filter>Source Files</Filter>
    </ClCompile>
    <ClCompile Include="Intel\DecoderInternal\LegacyOpCodeHandlerReader.cpp">
      <Filter>Source Files</Filter>
    </ClCompile>
    <ClCompile Include="Intel\DecoderInternal\MvexOpCodeHandlerKind.g.cpp">
      <Filter>Source Files</Filter>
    </ClCompile>
    <ClCompile Include="Intel\DecoderInternal\MvexOpCodeHandlerReader.cpp">
      <Filter>Source Files</Filter>
    </ClCompile>
    <ClCompile Include="Intel\DecoderInternal\OpCodeHandlers.cpp">
      <Filter>Source Files</Filter>
    </ClCompile>
    <ClCompile Include="Intel\DecoderInternal\OpCodeHandlers_D3NOW.cpp">
      <Filter>Source Files</Filter>
    </ClCompile>
    <ClCompile Include="Intel\DecoderInternal\OpCodeHandlers_EVEX.cpp">
      <Filter>Source Files</Filter>
    </ClCompile>
    <ClCompile Include="Intel\DecoderInternal\OpCodeHandlers_Fpu.cpp">
      <Filter>Source Files</Filter>
    </ClCompile>
    <ClCompile Include="Intel\DecoderInternal\OpCodeHandlers_Legacy.cpp">
      <Filter>Source Files</Filter>
    </ClCompile>
    <ClCompile Include="Intel\DecoderInternal\OpCodeHandlers_MVEX.cpp">
      <Filter>Source Files</Filter>
    </ClCompile>
    <ClCompile Include="Intel\DecoderInternal\OpCodeHandlers_VEX.cpp">
      <Filter>Source Files</Filter>
    </ClCompile>
    <ClCompile Include="Intel\DecoderInternal\SerializedDataKind.g.cpp">
      <Filter>Source Files</Filter>
    </ClCompile>
    <ClCompile Include="Intel\DecoderInternal\TableDeserializer.cpp">
      <Filter>Source Files</Filter>
    </ClCompile>
    <ClCompile Include="Intel\DecoderInternal\VexOpCodeHandlerKind.g.cpp">
      <Filter>Source Files</Filter>
    </ClCompile>
    <ClCompile Include="Intel\DecoderInternal\VexOpCodeHandlerReader.cpp">
      <Filter>Source Files</Filter>
    </ClCompile>
    <ClCompile Include="Intel\EncoderInternal\EncoderData.g.cpp">
      <Filter>Source Files</Filter>
    </ClCompile>
    <ClCompile Include="Intel\EncoderInternal\EncoderOpCodeHandler.cpp">
      <Filter>Source Files</Filter>
    </ClCompile>
    <ClCompile Include="Intel\EncoderInternal\Enums.cpp">
      <Filter>Source Files</Filter>
    </ClCompile>
    <ClCompile Include="Intel\EncoderInternal\OpCodeHandlers.cpp">
      <Filter>Source Files</Filter>
    </ClCompile>
    <ClCompile Include="Intel\EncoderInternal\OpCodeInfoData.g.cpp">
      <Filter>Source Files</Filter>
    </ClCompile>
    <ClCompile Include="Intel\EncoderInternal\OpCodeInfos.cpp">
      <Filter>Source Files</Filter>
    </ClCompile>
    <ClCompile Include="Intel\EncoderInternal\OpCodeInfosEnums.cpp">
      <Filter>Source Files</Filter>
    </ClCompile>
    <ClCompile Include="Intel\EncoderInternal\OpCodeOperandKinds.g.cpp">
      <Filter>Source Files</Filter>
    </ClCompile>
    <ClCompile Include="Intel\EncoderInternal\OpHandlers.cpp">
      <Filter>Source Files</Filter>
    </ClCompile>
    <ClCompile Include="Intel\EncoderInternal\OpTables.g.cpp">
      <Filter>Source Files</Filter>
    </ClCompile>
    <ClCompile Include="Intel\FastFormatterInternal\FastFmtFlags.g.cpp">
      <Filter>Source Files</Filter>
    </ClCompile>
    <ClCompile Include="Intel\FastFormatterInternal\Iced.Intel.FastFormatterInternal.FmtData.cpp">
      <Filter>Source Files</Filter>
    </ClCompile>
    <ClCompile Include="Intel\FastFormatterInternal\MemorySizes.cpp">
      <Filter>Source Files</Filter>
    </ClCompile>
    <ClCompile Include="Intel\FastFormatterInternal\Registers.cpp">
      <Filter>Source Files</Filter>
    </ClCompile>
    <ClCompile Include="Intel\FormatterInternal\FormatterString.cpp">
      <Filter>Source Files</Filter>
    </ClCompile>
    <ClCompile Include="Intel\FormatterInternal\Iced.Intel.FormatterInternal.FormatterUtils.cpp">
      <Filter>Source Files</Filter>
    </ClCompile>
    <ClCompile Include="Intel\FormatterInternal\MnemonicCC.cpp">
      <Filter>Source Files</Filter>
    </ClCompile>
    <ClCompile Include="Intel\FormatterInternal\PseudoOpsKind.g.cpp">
      <Filter>Source Files</Filter>
    </ClCompile>
    <ClCompile Include="Intel\FormatterInternal\RegistersTable.cpp">
      <Filter>Source Files</Filter>
    </ClCompile>
    <ClCompile Include="Intel\GasFormatterInternal\CtorKind.g.cpp">
      <Filter>Source Files</Filter>
    </ClCompile>
    <ClCompile Include="Intel\GasFormatterInternal\Iced.Intel.GasFormatterInternal.InstrInfos.cpp">
      <Filter>Source Files</Filter>
    </ClCompile>
    <ClCompile Include="Intel\GasFormatterInternal\InstrInfo.cpp">
      <Filter>Source Files</Filter>
    </ClCompile>
    <ClCompile Include="Intel\GasFormatterInternal\InstrOpInfoFlags.g.cpp">
      <Filter>Source Files</Filter>
    </ClCompile>
    <ClCompile Include="Intel\GasFormatterInternal\MemorySizes.cpp">
      <Filter>Source Files</Filter>
    </ClCompile>
    <ClCompile Include="Intel\GasFormatterInternal\Registers.cpp">
      <Filter>Source Files</Filter>
    </ClCompile>
    <ClCompile Include="Intel\GasFormatterInternal\SizeOverride.g.cpp">
      <Filter>Source Files</Filter>
    </ClCompile>
    <ClCompile Include="Intel\InstructionInfoInternal\CpuidFeatureInternal.g.cpp">
      <Filter>Source Files</Filter>
    </ClCompile>
    <ClCompile Include="Intel\InstructionInfoInternal\Iced.Intel.InstructionInfoInternal.CpuidFeatureInternalData.cpp">
      <Filter>Source Files</Filter>
    </ClCompile>
    <ClCompile Include="Intel\InstructionInfoInternal\InfoHandlerFlags.cpp">
      <Filter>Source Files</Filter>
    </ClCompile>
    <ClCompile Include="Intel\InstructionInfoInternal\InstrInfoTable.g.cpp">
      <Filter>Source Files</Filter>
    </ClCompile>
    <ClCompile Include="Intel\InstructionInfoInternal\RflagsInfoConstants.g.cpp">
      <Filter>Source Files</Filter>
    </ClCompile>
    <ClCompile Include="Intel\InstructionInfoInternal\SimpleList.cpp">
      <Filter>Source Files</Filter>
    </ClCompile>
    <ClCompile Include="Intel\IntelFormatterInternal\BranchSizeInfo.g.cpp">
      <Filter>Source Files</Filter>
    </ClCompile>
    <ClCompile Include="Intel\IntelFormatterInternal\CtorKind.g.cpp">
      <Filter>Source Files</Filter>
    </ClCompile>
    <ClCompile Include="Intel\IntelFormatterInternal\Iced.Intel.IntelFormatterInternal.InstrInfos.cpp">
      <Filter>Source Files</Filter>
    </ClCompile>
    <ClCompile Include="Intel\IntelFormatterInternal\InstrInfo.cpp">
      <Filter>Source Files</Filter>
    </ClCompile>
    <ClCompile Include="Intel\IntelFormatterInternal\InstrOpInfoFlags.g.cpp">
      <Filter>Source Files</Filter>
    </ClCompile>
    <ClCompile Include="Intel\IntelFormatterInternal\MemorySizes.cpp">
      <Filter>Source Files</Filter>
    </ClCompile>
    <ClCompile Include="Intel\IntelFormatterInternal\Registers.cpp">
      <Filter>Source Files</Filter>
    </ClCompile>
    <ClCompile Include="Intel\IntelFormatterInternal\SizeOverride.g.cpp">
      <Filter>Source Files</Filter>
    </ClCompile>
    <ClCompile Include="Intel\Internal\DataReader.cpp">
      <Filter>Source Files</Filter>
    </ClCompile>
    <ClCompile Include="Intel\MasmFormatterInternal\CtorKind.g.cpp">
      <Filter>Source Files</Filter>
    </ClCompile>
    <ClCompile Include="Intel\MasmFormatterInternal\Iced.Intel.MasmFormatterInternal.InstrInfos.cpp">
      <Filter>Source Files</Filter>
    </ClCompile>
    <ClCompile Include="Intel\MasmFormatterInternal\InstrInfo.cpp">
      <Filter>Source Files</Filter>
    </ClCompile>
    <ClCompile Include="Intel\MasmFormatterInternal\InstrOpInfoFlags.g.cpp">
      <Filter>Source Files</Filter>
    </ClCompile>
    <ClCompile Include="Intel\MasmFormatterInternal\MemorySizes.cpp">
      <Filter>Source Files</Filter>
    </ClCompile>
    <ClCompile Include="Intel\MasmFormatterInternal\Registers.cpp">
      <Filter>Source Files</Filter>
    </ClCompile>
    <ClCompile Include="Intel\NasmFormatterInternal\BranchSizeInfo.g.cpp">
      <Filter>Source Files</Filter>
    </ClCompile>
    <ClCompile Include="Intel\NasmFormatterInternal\CtorKind.g.cpp">
      <Filter>Source Files</Filter>
    </ClCompile>
    <ClCompile Include="Intel\NasmFormatterInternal\Iced.Intel.NasmFormatterInternal.InstrInfos.cpp">
      <Filter>Source Files</Filter>
    </ClCompile>
    <ClCompile Include="Intel\NasmFormatterInternal\InstrInfo.cpp">
      <Filter>Source Files</Filter>
    </ClCompile>
    <ClCompile Include="Intel\NasmFormatterInternal\InstrOpInfoFlags.g.cpp">
      <Filter>Source Files</Filter>
    </ClCompile>
    <ClCompile Include="Intel\NasmFormatterInternal\MemorySizes.cpp">
      <Filter>Source Files</Filter>
    </ClCompile>
    <ClCompile Include="Intel\NasmFormatterInternal\Registers.cpp">
      <Filter>Source Files</Filter>
    </ClCompile>
    <ClCompile Include="Intel\NasmFormatterInternal\SignExtendInfo.g.cpp">
      <Filter>Source Files</Filter>
    </ClCompile>
    <ClCompile Include="Intel\NasmFormatterInternal\SizeOverride.g.cpp">
      <Filter>Source Files</Filter>
    </ClCompile>
    <ClCompile Include="Intel\BlockEncoder.cpp">
      <Filter>Source Files</Filter>
    </ClCompile>
    <ClCompile Include="Intel\ByteArrayCodeReader.cpp">
      <Filter>Source Files</Filter>
    </ClCompile>
    <ClCompile Include="Intel\Code.g.cpp">
      <Filter>Source Files</Filter>
    </ClCompile>
    <ClCompile Include="Intel\CodeExtensions.cpp">
      <Filter>Source Files</Filter>
    </ClCompile>
    <ClCompile Include="Intel\CodeReader.cpp">
      <Filter>Source Files</Filter>
    </ClCompile>
    <ClCompile Include="Intel\CodeSize.g.cpp">
      <Filter>Source Files</Filter>
    </ClCompile>
    <ClCompile Include="Intel\CodeWriter.cpp">
      <Filter>Source Files</Filter>
    </ClCompile>
    <ClCompile Include="Intel\ConditionCode.g.cpp">
      <Filter>Source Files</Filter>
    </ClCompile>
    <ClCompile Include="Intel\ConstantOffsets.cpp">
      <Filter>Source Files</Filter>
    </ClCompile>
    <ClCompile Include="Intel\CpuidFeature.g.cpp">
      <Filter>Source Files</Filter>
    </ClCompile>
    <ClCompile Include="Intel\Decoder.cpp">
      <Filter>Source Files</Filter>
    </ClCompile>
    <ClCompile Include="Intel\DecoderError.g.cpp">
      <Filter>Source Files</Filter>
    </ClCompile>
    <ClCompile Include="Intel\DecoderOptions.g.cpp">
      <Filter>Source Files</Filter>
    </ClCompile>
    <ClCompile Include="Intel\Encoder.cpp">
      <Filter>Source Files</Filter>
    </ClCompile>
    <ClCompile Include="Intel\EncoderCodeExtensions.cpp">
      <Filter>Source Files</Filter>
    </ClCompile>
    <ClCompile Include="Intel\EncoderException.cpp">
      <Filter>Source Files</Filter>
    </ClCompile>
    <ClCompile Include="Intel\EncodingKind.g.cpp">
      <Filter>Source Files</Filter>
    </ClCompile>
    <ClCompile Include="Intel\FastFormatter.cpp">
      <Filter>Source Files</Filter>
    </ClCompile>
    <ClCompile Include="Intel\FastFormatterOptions.cpp">
      <Filter>Source Files</Filter>
    </ClCompile>
    <ClCompile Include="Intel\FastStringOutput.cpp">
      <Filter>Source Files</Filter>
    </ClCompile>
    <ClCompile Include="Intel\FlowControl.g.cpp">
      <Filter>Source Files</Filter>
    </ClCompile>
    <ClCompile Include="Intel\Formatter.cpp">
      <Filter>Source Files</Filter>
    </ClCompile>
    <ClCompile Include="Intel\FormatterConstants.cpp">
      <Filter>Source Files</Filter>
    </ClCompile>
    <ClCompile Include="Intel\FormatterOptions.cpp">
      <Filter>Source Files</Filter>
    </ClCompile>
    <ClCompile Include="Intel\FormatterOutput.cpp">
      <Filter>Source Files</Filter>
    </ClCompile>
    <ClCompile Include="Intel\FormatterTextKind.g.cpp">
      <Filter>Source Files</Filter>
    </ClCompile>
    <ClCompile Include="Intel\GasFormatter.cpp">
      <Filter>Source Files</Filter>
    </ClCompile>
    <ClCompile Include="Intel\HexUtils.cpp">
      <Filter>Source Files</Filter>
    </ClCompile>
    <ClCompile Include="Intel\Iced.Intel.IcedConstants.cpp">
      <Filter>Source Files</Filter>
    </ClCompile>
    <ClCompile Include="Intel\Iced.Intel.Instruction.cpp">
      <Filter>Source Files</Filter>
    </ClCompile>
    <ClCompile Include="Intel\Iced.Intel.InstructionInfoExtensions.cpp">
      <Filter>Source Files</Filter>
    </ClCompile>
    <ClCompile Include="Intel\Iced.Intel.MemorySizeExtensions.cpp">
      <Filter>Source Files</Filter>
    </ClCompile>
    <ClCompile Include="Intel\RegisterExtensions.h">
      <Filter>Source Files</Filter>
    </ClCompile>
    <ClCompile Include="Intel\IcedFeatures.cpp">
      <Filter>Source Files</Filter>
    </ClCompile>
    <ClCompile Include="Intel\IFormatterOptionsProvider.cpp">
      <Filter>Source Files</Filter>
    </ClCompile>
    <ClCompile Include="Intel\Instruction.Create.cpp">
      <Filter>Source Files</Filter>
    </ClCompile>
    <ClCompile Include="Intel\Instruction.Info.cpp">
      <Filter>Source Files</Filter>
    </ClCompile>
    <ClCompile Include="Intel\Instruction.VA.cpp">
      <Filter>Source Files</Filter>
    </ClCompile>
    <ClCompile Include="Intel\InstructionInfo.cpp">
      <Filter>Source Files</Filter>
    </ClCompile>
    <ClCompile Include="Intel\InstructionInfoFactory.cpp">
      <Filter>Source Files</Filter>
    </ClCompile>
    <ClCompile Include="Intel\InstructionList.cpp">
      <Filter>Source Files</Filter>
    </ClCompile>
    <ClCompile Include="Intel\InstructionListDebugView.cpp">
      <Filter>Source Files</Filter>
    </ClCompile>
    <ClCompile Include="Intel\InstructionMemorySizes.g.cpp">
      <Filter>Source Files</Filter>
    </ClCompile>
    <ClCompile Include="Intel\InstructionOpCounts.g.cpp">
      <Filter>Source Files</Filter>
    </ClCompile>
    <ClCompile Include="Intel\InstructionUtils.cpp">
      <Filter>Source Files</Filter>
    </ClCompile>
    <ClCompile Include="Intel\IntelFormatter.cpp">
      <Filter>Source Files</Filter>
    </ClCompile>
    <ClCompile Include="Intel\ISymbolResolver.cpp">
      <Filter>Source Files</Filter>
    </ClCompile>
    <ClCompile Include="Intel\MandatoryPrefix.g.cpp">
      <Filter>Source Files</Filter>
    </ClCompile>
    <ClCompile Include="Intel\MandatoryPrefixByte.g.cpp">
      <Filter>Source Files</Filter>
    </ClCompile>
    <ClCompile Include="Intel\MasmFormatter.cpp">
      <Filter>Source Files</Filter>
    </ClCompile>
    <ClCompile Include="Intel\MemoryOperand.cpp">
      <Filter>Source Files</Filter>
    </ClCompile>
    <ClCompile Include="Intel\MemorySize.g.cpp">
      <Filter>Source Files</Filter>
    </ClCompile>
    <ClCompile Include="Intel\MemorySizeExtensions.cpp">
      <Filter>Source Files</Filter>
    </ClCompile>
    <ClCompile Include="Intel\MemorySizeOptions.g.cpp">
      <Filter>Source Files</Filter>
    </ClCompile>
    <ClCompile Include="Intel\Mnemonic.g.cpp">
      <Filter>Source Files</Filter>
    </ClCompile>
    <ClCompile Include="Intel\MnemonicUtils.cpp">
      <Filter>Source Files</Filter>
    </ClCompile>
    <ClCompile Include="Intel\MnemonicUtilsData.g.cpp">
      <Filter>Source Files</Filter>
    </ClCompile>
    <ClCompile Include="Intel\MvexConvFn.g.cpp">
      <Filter>Source Files</Filter>
    </ClCompile>
    <ClCompile Include="Intel\MvexEHBit.g.cpp">
      <Filter>Source Files</Filter>
    </ClCompile>
    <ClCompile Include="Intel\MvexInfo.cpp">
      <Filter>Source Files</Filter>
    </ClCompile>
    <ClCompile Include="Intel\MvexInfoData.g.cpp">
      <Filter>Source Files</Filter>
    </ClCompile>
    <ClCompile Include="Intel\MvexInfoFlags1.g.cpp">
      <Filter>Source Files</Filter>
    </ClCompile>
    <ClCompile Include="Intel\MvexInfoFlags2.g.cpp">
      <Filter>Source Files</Filter>
    </ClCompile>
    <ClCompile Include="Intel\MvexMemorySizeLut.g.cpp">
      <Filter>Source Files</Filter>
    </ClCompile>
    <ClCompile Include="Intel\MvexRegMemConv.g.cpp">
      <Filter>Source Files</Filter>
    </ClCompile>
    <ClCompile Include="Intel\MvexTupleTypeLut.g.cpp">
      <Filter>Source Files</Filter>
    </ClCompile>
    <ClCompile Include="Intel\MvexTupleTypeLutKind.g.cpp">
      <Filter>Source Files</Filter>
    </ClCompile>
    <ClCompile Include="Intel\NasmFormatter.cpp">
      <Filter>Source Files</Filter>
    </ClCompile>
    <ClCompile Include="Intel\NumberFormatter.cpp">
      <Filter>Source Files</Filter>
    </ClCompile>
    <ClCompile Include="Intel\OpAccess.g.cpp">
      <Filter>Source Files</Filter>
    </ClCompile>
    <ClCompile Include="Intel\OpCodeInfo.cpp">
      <Filter>Source Files</Filter>
    </ClCompile>
    <ClCompile Include="Intel\OpCodeOperandKind.g.cpp">
      <Filter>Source Files</Filter>
    </ClCompile>
    <ClCompile Include="Intel\OpCodeTableKind.g.cpp">
      <Filter>Source Files</Filter>
    </ClCompile>
    <ClCompile Include="Intel\OpKind.g.cpp">
      <Filter>Source Files</Filter>
    </ClCompile>
    <ClCompile Include="Intel\Register.g.cpp">
      <Filter>Source Files</Filter>
    </ClCompile>
    <ClCompile Include="Intel\RflagsBits.g.cpp">
      <Filter>Source Files</Filter>
    </ClCompile>
    <ClCompile Include="Intel\RoundingControl.g.cpp">
      <Filter>Source Files</Filter>
    </ClCompile>
    <ClCompile Include="Intel\Static.cpp">
      <Filter>Source Files</Filter>
    </ClCompile>
    <ClCompile Include="Intel\StringOutput.cpp">
      <Filter>Source Files</Filter>
    </ClCompile>
    <ClCompile Include="Intel\ThrowHelper.cpp">
      <Filter>Source Files</Filter>
    </ClCompile>
    <ClCompile Include="Intel\TupleType.g.cpp">
      <Filter>Source Files</Filter>
    </ClCompile>
    <ClCompile Include="Intel\TupleTypeTable.cpp">
      <Filter>Source Files</Filter>
    </ClCompile>
    <ClCompile Include="Intel\UsedMemory.cpp">
      <Filter>Source Files</Filter>
    </ClCompile>
    <ClCompile Include="Intel\UsedRegister.cpp">
      <Filter>Source Files</Filter>
    </ClCompile>
    <ClCompile Include="Intel\VectorLength.g.cpp">
      <Filter>Source Files</Filter>
    </ClCompile>
    <ClCompile Include="Array2.cpp">
      <Filter>Source Files</Filter>
    </ClCompile>
    <ClCompile Include="InternalsVisibleTo.cpp">
      <Filter>Source Files</Filter>
    </ClCompile>
    <ClCompile Include="NRT.cpp">
      <Filter>Source Files</Filter>
    </ClCompile>
    <ClCompile Include="NRT_Helpers.cpp">
      <Filter>Source Files</Filter>
    </ClCompile>
    <ClCompile Include="Intel\EncoderInternal\OpCodeInfoStrings.cpp">
      <Filter>Source Files</Filter>
    </ClCompile>
  </ItemGroup>
</Project>